
Microsoft Visual Studio Solution File, Format Version 12.00
Project("{2150E333-8FDC-42A3-9474-1A3956D46DE8}") = "src", "src", "{F719010F-BD23-4138-B6A1-160E17C77D8A}"
EndProject
Project("{FAE04EC0-301F-11D3-BF4B-00C04F79EFBC}") = "SortingAlgorithmsAnalyzer", "src\SortingAlgorithmsAnalyzer\SortingAlgorithmsAnalyzer.csproj", "{E9FB0A18-9A04-4F0B-B58B-19B18E836E79}"
EndProject
Global
	GlobalSection(SolutionConfigurationPlatforms) = preSolution
		Debug|Any CPU = Debug|Any CPU
		Release|Any CPU = Release|Any CPU
	EndGlobalSection
	GlobalSection(NestedProjects) = preSolution
		{E9FB0A18-9A04-4F0B-B58B-19B18E836E79} = {F719010F-BD23-4138-B6A1-160E17C77D8A}
	EndGlobalSection
	GlobalSection(ProjectConfigurationPlatforms) = postSolution
		{E9FB0A18-9A04-4F0B-B58B-19B18E836E79}.Debug|Any CPU.ActiveCfg = Debug|Any CPU
		{E9FB0A18-9A04-4F0B-B58B-19B18E836E79}.Debug|Any CPU.Build.0 = Debug|Any CPU
		{E9FB0A18-9A04-4F0B-B58B-19B18E836E79}.Release|Any CPU.ActiveCfg = Release|Any CPU
		{E9FB0A18-9A04-4F0B-B58B-19B18E836E79}.Release|Any CPU.Build.0 = Release|Any CPU
	EndGlobalSection
EndGlobal
